
Microsoft Visual Studio Solution File, Format Version 12.00
# Visual Studio Version 16
VisualStudioVersion = 16.0.31624.102
MinimumVisualStudioVersion = 10.0.40219.1
Project("{FAE04EC0-301F-11D3-BF4B-00C04F79EFBC}") = "Competitive Programming", "Competitive Programming.csproj", "{B2130406-8E1C-425F-9EC0-0FEF7DE06F51}"
EndProject
Global
	GlobalSection(SolutionConfigurationPlatforms) = preSolution
		Debug|Any CPU = Debug|Any CPU
		Release|Any CPU = Release|Any CPU
	EndGlobalSection
	GlobalSection(ProjectConfigurationPlatforms) = postSolution
		{B2130406-8E1C-425F-9EC0-0FEF7DE06F51}.Debug|Any CPU.ActiveCfg = Debug|Any CPU
		{B2130406-8E1C-425F-9EC0-0FEF7DE06F51}.Debug|Any CPU.Build.0 = Debug|Any CPU
		{B2130406-8E1C-425F-9EC0-0FEF7DE06F51}.Release|Any CPU.ActiveCfg = Release|Any CPU
		{B2130406-8E1C-425F-9EC0-0FEF7DE06F51}.Release|Any CPU.Build.0 = Release|Any CPU
	EndGlobalSection
	GlobalSection(SolutionProperties) = preSolution
		HideSolutionNode = FALSE
	EndGlobalSection
	GlobalSection(ExtensibilityGlobals) = postSolution
		SolutionGuid = {38136395-D9B9-4D52-90DF-30BEEAC80CCC}
	EndGlobalSection
EndGlobal
